// !$*UTF8*$!
{
	archiveVersion = 1;
	classes = {
	};
	objectVersion = 56;
	objects = {

/* Begin PBXBuildFile section */
		2234AC642B8CF52B002FDCF8 /* PizzaFibonacciApp.swift in Sources */ = {isa = PBXBuildFile; fileRef = 2234AC632B8CF52B002FDCF8 /* PizzaFibonacciApp.swift */; };
		2234AC662B8CF52B002FDCF8 /* ContentView.swift in Sources */ = {isa = PBXBuildFile; fileRef = 2234AC652B8CF52B002FDCF8 /* ContentView.swift */; };
		2234AC682B8CF52D002FDCF8 /* Assets.xcassets in Resources */ = {isa = PBXBuildFile; fileRef = 2234AC672B8CF52D002FDCF8 /* Assets.xcassets */; };
		2234AC6B2B8CF52D002FDCF8 /* Preview Assets.xcassets in Resources */ = {isa = PBXBuildFile; fileRef = 2234AC6A2B8CF52D002FDCF8 /* Preview Assets.xcassets */; };
		2234AC762B8CF679002FDCF8 /* IngredientsView.swift in Sources */ = {isa = PBXBuildFile; fileRef = 2234AC752B8CF679002FDCF8 /* IngredientsView.swift */; };
		2234AC782B8CF686002FDCF8 /* PizzaView.swift in Sources */ = {isa = PBXBuildFile; fileRef = 2234AC772B8CF686002FDCF8 /* PizzaView.swift */; };
		225087DF2B8D426400E5CC1C /* IngredientRow.swift in Sources */ = {isa = PBXBuildFile; fileRef = 225087DE2B8D426400E5CC1C /* IngredientRow.swift */; };
		22E03B672B99E1A200A7B262 /* Ingredients.json in Resources */ = {isa = PBXBuildFile; fileRef = 22E03B662B99E1A200A7B262 /* Ingredients.json */; };
		22E03B692B99E5C600A7B262 /* PizzaOverlayView.swift in Sources */ = {isa = PBXBuildFile; fileRef = 22E03B682B99E5C600A7B262 /* PizzaOverlayView.swift */; };
		22E03B6B2B99E62B00A7B262 /* EmojiOverlay.swift in Sources */ = {isa = PBXBuildFile; fileRef = 22E03B6A2B99E62B00A7B262 /* EmojiOverlay.swift */; };
		22E7A7272B8DF37600FC6D1D /* IngredientsView-ViewModel.swift in Sources */ = {isa = PBXBuildFile; fileRef = 22E7A7262B8DF37600FC6D1D /* IngredientsView-ViewModel.swift */; };
/* End PBXBuildFile section */

/* Begin PBXFileReference section */
		2234AC602B8CF52B002FDCF8 /* PizzaFibonacci.app */ = {isa = PBXFileReference; explicitFileType = wrapper.application; includeInIndex = 0; path = PizzaFibonacci.app; sourceTree = BUILT_PRODUCTS_DIR; };
		2234AC632B8CF52B002FDCF8 /* PizzaFibonacciApp.swift */ = {isa = PBXFileReference; lastKnownFileType = sourcecode.swift; path = PizzaFibonacciApp.swift; sourceTree = "<group>"; };
		2234AC652B8CF52B002FDCF8 /* ContentView.swift */ = {isa = PBXFileReference; lastKnownFileType = sourcecode.swift; path = ContentView.swift; sourceTree = "<group>"; };
		2234AC672B8CF52D002FDCF8 /* Assets.xcassets */ = {isa = PBXFileReference; lastKnownFileType = folder.assetcatalog; path = Assets.xcassets; sourceTree = "<group>"; };
		2234AC6A2B8CF52D002FDCF8 /* Preview Assets.xcassets */ = {isa = PBXFileReference; lastKnownFileType = folder.assetcatalog; path = "Preview Assets.xcassets"; sourceTree = "<group>"; };
		2234AC752B8CF679002FDCF8 /* IngredientsView.swift */ = {isa = PBXFileReference; lastKnownFileType = sourcecode.swift; path = IngredientsView.swift; sourceTree = "<group>"; };
		2234AC772B8CF686002FDCF8 /* PizzaView.swift */ = {isa = PBXFileReference; lastKnownFileType = sourcecode.swift; path = PizzaView.swift; sourceTree = "<group>"; };
		225087DE2B8D426400E5CC1C /* IngredientRow.swift */ = {isa = PBXFileReference; lastKnownFileType = sourcecode.swift; path = IngredientRow.swift; sourceTree = "<group>"; };
		22E03B662B99E1A200A7B262 /* Ingredients.json */ = {isa = PBXFileReference; fileEncoding = 4; lastKnownFileType = text.json; name = Ingredients.json; path = ../../../../../Desktop/Ingredients.json; sourceTree = "<group>"; };
		22E03B682B99E5C600A7B262 /* PizzaOverlayView.swift */ = {isa = PBXFileReference; lastKnownFileType = sourcecode.swift; path = PizzaOverlayView.swift; sourceTree = "<group>"; };
		22E03B6A2B99E62B00A7B262 /* EmojiOverlay.swift */ = {isa = PBXFileReference; lastKnownFileType = sourcecode.swift; path = EmojiOverlay.swift; sourceTree = "<group>"; };
		22E7A7262B8DF37600FC6D1D /* IngredientsView-ViewModel.swift */ = {isa = PBXFileReference; lastKnownFileType = sourcecode.swift; path = "IngredientsView-ViewModel.swift"; sourceTree = "<group>"; };
/* End PBXFileReference section */

/* Begin PBXFrameworksBuildPhase section */
		2234AC5D2B8CF52B002FDCF8 /* Frameworks */ = {
			isa = PBXFrameworksBuildPhase;
			buildActionMask = 2147483647;
			files = (
			);
			runOnlyForDeploymentPostprocessing = 0;
		};
/* End PBXFrameworksBuildPhase section */

/* Begin PBXGroup section */
		2234AC572B8CF52B002FDCF8 = {
			isa = PBXGroup;
			children = (
				2234AC622B8CF52B002FDCF8 /* PizzaFibonacci */,
				2234AC612B8CF52B002FDCF8 /* Products */,
			);
			sourceTree = "<group>";
		};
		2234AC612B8CF52B002FDCF8 /* Products */ = {
			isa = PBXGroup;
			children = (
				2234AC602B8CF52B002FDCF8 /* PizzaFibonacci.app */,
			);
			name = Products;
			sourceTree = "<group>";
		};
		2234AC622B8CF52B002FDCF8 /* PizzaFibonacci */ = {
			isa = PBXGroup;
			children = (
				22E03B632B99DE6C00A7B262 /* Models */,
				2234AC632B8CF52B002FDCF8 /* PizzaFibonacciApp.swift */,
				2234AC652B8CF52B002FDCF8 /* ContentView.swift */,
				22E03B6C2B99E6A900A7B262 /* Viewmodels */,
				22E03B6D2B99E6BC00A7B262 /* Views */,
				2234AC672B8CF52D002FDCF8 /* Assets.xcassets */,
				2234AC692B8CF52D002FDCF8 /* Preview Content */,
			);
			path = PizzaFibonacci;
			sourceTree = "<group>";
		};
		2234AC692B8CF52D002FDCF8 /* Preview Content */ = {
			isa = PBXGroup;
			children = (
				2234AC6A2B8CF52D002FDCF8 /* Preview Assets.xcassets */,
			);
			path = "Preview Content";
			sourceTree = "<group>";
		};
		22E03B632B99DE6C00A7B262 /* Models */ = {
			isa = PBXGroup;
			children = (
				22E03B662B99E1A200A7B262 /* Ingredients.json */,
			);
			path = Models;
			sourceTree = "<group>";
		};
		22E03B6C2B99E6A900A7B262 /* Viewmodels */ = {
			isa = PBXGroup;
			children = (
				22E7A7262B8DF37600FC6D1D /* IngredientsView-ViewModel.swift */,
			);
			path = Viewmodels;
			sourceTree = "<group>";
		};
		22E03B6D2B99E6BC00A7B262 /* Views */ = {
			isa = PBXGroup;
			children = (
				2234AC752B8CF679002FDCF8 /* IngredientsView.swift */,
				225087DE2B8D426400E5CC1C /* IngredientRow.swift */,
				2234AC772B8CF686002FDCF8 /* PizzaView.swift */,
				22E03B682B99E5C600A7B262 /* PizzaOverlayView.swift */,
				22E03B6A2B99E62B00A7B262 /* EmojiOverlay.swift */,
			);
			path = Views;
			sourceTree = "<group>";
		};
/* End PBXGroup section */

/* Begin PBXNativeTarget section */
		2234AC5F2B8CF52B002FDCF8 /* PizzaFibonacci */ = {
			isa = PBXNativeTarget;
			buildConfigurationList = 2234AC6E2B8CF52D002FDCF8 /* Build configuration list for PBXNativeTarget "PizzaFibonacci" */;
			buildPhases = (
				2234AC5C2B8CF52B002FDCF8 /* Sources */,
				2234AC5D2B8CF52B002FDCF8 /* Frameworks */,
				2234AC5E2B8CF52B002FDCF8 /* Resources */,
			);
			buildRules = (
			);
			dependencies = (
			);
			name = PizzaFibonacci;
			productName = PizzaFibonacci;
			productReference = 2234AC602B8CF52B002FDCF8 /* PizzaFibonacci.app */;
			productType = "com.apple.product-type.application";
		};
/* End PBXNativeTarget section */

/* Begin PBXProject section */
		2234AC582B8CF52B002FDCF8 /* Project object */ = {
			isa = PBXProject;
			attributes = {
				BuildIndependentTargetsInParallel = 1;
				LastSwiftUpdateCheck = 1520;
				LastUpgradeCheck = 1520;
				TargetAttributes = {
					2234AC5F2B8CF52B002FDCF8 = {
						CreatedOnToolsVersion = 15.2;
					};
				};
			};
			buildConfigurationList = 2234AC5B2B8CF52B002FDCF8 /* Build configuration list for PBXProject "PizzaFibonacci" */;
			compatibilityVersion = "Xcode 14.0";
			developmentRegion = en;
			hasScannedForEncodings = 0;
			knownRegions = (
				en,
				Base,
			);
			mainGroup = 2234AC572B8CF52B002FDCF8;
			productRefGroup = 2234AC612B8CF52B002FDCF8 /* Products */;
			projectDirPath = "";
			projectRoot = "";
			targets = (
				2234AC5F2B8CF52B002FDCF8 /* PizzaFibonacci */,
			);
		};
/* End PBXProject section */

/* Begin PBXResourcesBuildPhase section */
		2234AC5E2B8CF52B002FDCF8 /* Resources */ = {
			isa = PBXResourcesBuildPhase;
			buildActionMask = 2147483647;
			files = (
				22E03B672B99E1A200A7B262 /* Ingredients.json in Resources */,
				2234AC6B2B8CF52D002FDCF8 /* Preview Assets.xcassets in Resources */,
				2234AC682B8CF52D002FDCF8 /* Assets.xcassets in Resources */,
			);
			runOnlyForDeploymentPostprocessing = 0;
		};
/* End PBXResourcesBuildPhase section */

/* Begin PBXSourcesBuildPhase section */
		2234AC5C2B8CF52B002FDCF8 /* Sources */ = {
			isa = PBXSourcesBuildPhase;
			buildActionMask = 2147483647;
			files = (
				2234AC662B8CF52B002FDCF8 /* ContentView.swift in Sources */,
				22E03B692B99E5C600A7B262 /* PizzaOverlayView.swift in Sources */,
				2234AC762B8CF679002FDCF8 /* IngredientsView.swift in Sources */,
				22E03B6B2B99E62B00A7B262 /* EmojiOverlay.swift in Sources */,
				225087DF2B8D426400E5CC1C /* IngredientRow.swift in Sources */,
				2234AC642B8CF52B002FDCF8 /* PizzaFibonacciApp.swift in Sources */,
				2234AC782B8CF686002FDCF8 /* PizzaView.swift in Sources */,
				22E7A7272B8DF37600FC6D1D /* IngredientsView-ViewModel.swift in Sources */,
			);
			runOnlyForDeploymentPostprocessing = 0;
		};
/* End PBXSourcesBuildPhase section */

/* Begin XCBuildConfiguration section */
		2234AC6C2B8CF52D002FDCF8 /* Debug */ = {
			isa = XCBuildConfiguration;
			buildSettings = {
				ALWAYS_SEARCH_USER_PATHS = NO;
				ASSETCATALOG_COMPILER_GENERATE_SWIFT_ASSET_SYMBOL_EXTENSIONS = YES;
				CLANG_ANALYZER_NONNULL = YES;
				CLANG_ANALYZER_NUMBER_OBJECT_CONVERSION = YES_AGGRESSIVE;
				CLANG_CXX_LANGUAGE_STANDARD = "gnu++20";
				CLANG_ENABLE_MODULES = YES;
				CLANG_ENABLE_OBJC_ARC = YES;
				CLANG_ENABLE_OBJC_WEAK = YES;
				CLANG_WARN_BLOCK_CAPTURE_AUTORELEASING = YES;
				CLANG_WARN_BOOL_CONVERSION = YES;
				CLANG_WARN_COMMA = YES;
				CLANG_WARN_CONSTANT_CONVERSION = YES;
				CLANG_WARN_DEPRECATED_OBJC_IMPLEMENTATIONS = YES;
				CLANG_WARN_DIRECT_OBJC_ISA_USAGE = YES_ERROR;
				CLANG_WARN_DOCUMENTATION_COMMENTS = YES;
				CLANG_WARN_EMPTY_BODY = YES;
				CLANG_WARN_ENUM_CONVERSION = YES;
				CLANG_WARN_INFINITE_RECURSION = YES;
				CLANG_WARN_INT_CONVERSION = YES;
				CLANG_WARN_NON_LITERAL_NULL_CONVERSION = YES;
				CLANG_WARN_OBJC_IMPLICIT_RETAIN_SELF = YES;
				CLANG_WARN_OBJC_LITERAL_CONVERSION = YES;
				CLANG_WARN_OBJC_ROOT_CLASS = YES_ERROR;
				CLANG_WARN_QUOTED_INCLUDE_IN_FRAMEWORK_HEADER = YES;
				CLANG_WARN_RANGE_LOOP_ANALYSIS = YES;
				CLANG_WARN_STRICT_PROTOTYPES = YES;
				CLANG_WARN_SUSPICIOUS_MOVE = YES;
				CLANG_WARN_UNGUARDED_AVAILABILITY = YES_AGGRESSIVE;
				CLANG_WARN_UNREACHABLE_CODE = YES;
				CLANG_WARN__DUPLICATE_METHOD_MATCH = YES;
				COPY_PHASE_STRIP = NO;
				DEBUG_INFORMATION_FORMAT = dwarf;
				ENABLE_STRICT_OBJC_MSGSEND = YES;
				ENABLE_TESTABILITY = YES;
				ENABLE_USER_SCRIPT_SANDBOXING = YES;
				GCC_C_LANGUAGE_STANDARD = gnu17;
				GCC_DYNAMIC_NO_PIC = NO;
				GCC_NO_COMMON_BLOCKS = YES;
				GCC_OPTIMIZATION_LEVEL = 0;
				GCC_PREPROCESSOR_DEFINITIONS = (
					"DEBUG=1",
					"$(inherited)",
				);
				GCC_WARN_64_TO_32_BIT_CONVERSION = YES;
				GCC_WARN_ABOUT_RETURN_TYPE = YES_ERROR;
				GCC_WARN_UNDECLARED_SELECTOR = YES;
				GCC_WARN_UNINITIALIZED_AUTOS = YES_AGGRESSIVE;
				GCC_WARN_UNUSED_FUNCTION = YES;
				GCC_WARN_UNUSED_VARIABLE = YES;
				IPHONEOS_DEPLOYMENT_TARGET = 17.2;
				LOCALIZATION_PREFERS_STRING_CATALOGS = YES;
				MTL_ENABLE_DEBUG_INFO = INCLUDE_SOURCE;
				MTL_FAST_MATH = YES;
				ONLY_ACTIVE_ARCH = YES;
				SDKROOT = iphoneos;
				SWIFT_ACTIVE_COMPILATION_CONDITIONS = "DEBUG $(inherited)";
				SWIFT_OPTIMIZATION_LEVEL = "-Onone";
			};
			name = Debug;
		};
		2234AC6D2B8CF52D002FDCF8 /* Release */ = {
			isa = XCBuildConfiguration;
			buildSettings = {
				ALWAYS_SEARCH_USER_PATHS = NO;
				ASSETCATALOG_COMPILER_GENERATE_SWIFT_ASSET_SYMBOL_EXTENSIONS = YES;
				CLANG_ANALYZER_NONNULL = YES;
				CLANG_ANALYZER_NUMBER_OBJECT_CONVERSION = YES_AGGRESSIVE;
				CLANG_CXX_LANGUAGE_STANDARD = "gnu++20";
				CLANG_ENABLE_MODULES = YES;
				CLANG_ENABLE_OBJC_ARC = YES;
				CLANG_ENABLE_OBJC_WEAK = YES;
				CLANG_WARN_BLOCK_CAPTURE_AUTORELEASING = YES;
				CLANG_WARN_BOOL_CONVERSION = YES;
				CLANG_WARN_COMMA = YES;
				CLANG_WARN_CONSTANT_CONVERSION = YES;
				CLANG_WARN_DEPRECATED_OBJC_IMPLEMENTATIONS = YES;
				CLANG_WARN_DIRECT_OBJC_ISA_USAGE = YES_ERROR;
				CLANG_WARN_DOCUMENTATION_COMMENTS = YES;
				CLANG_WARN_EMPTY_BODY = YES;
				CLANG_WARN_ENUM_CONVERSION = YES;
				CLANG_WARN_INFINITE_RECURSION = YES;
				CLANG_WARN_INT_CONVERSION = YES;
				CLANG_WARN_NON_LITERAL_NULL_CONVERSION = YES;
				CLANG_WARN_OBJC_IMPLICIT_RETAIN_SELF = YES;
				CLANG_WARN_OBJC_LITERAL_CONVERSION = YES;
				CLANG_WARN_OBJC_ROOT_CLASS = YES_ERROR;
				CLANG_WARN_QUOTED_INCLUDE_IN_FRAMEWORK_HEADER = YES;
				CLANG_WARN_RANGE_LOOP_ANALYSIS = YES;
				CLANG_WARN_STRICT_PROTOTYPES = YES;
				CLANG_WARN_SUSPICIOUS_MOVE = YES;
				CLANG_WARN_UNGUARDED_AVAILABILITY = YES_AGGRESSIVE;
				CLANG_WARN_UNREACHABLE_CODE = YES;
				CLANG_WARN__DUPLICATE_METHOD_MATCH = YES;
				COPY_PHASE_STRIP = NO;
				DEBUG_INFORMATION_FORMAT = "dwarf-with-dsym";
				ENABLE_NS_ASSERTIONS = NO;
				ENABLE_STRICT_OBJC_MSGSEND = YES;
				ENABLE_USER_SCRIPT_SANDBOXING = YES;
				GCC_C_LANGUAGE_STANDARD = gnu17;
				GCC_NO_COMMON_BLOCKS = YES;
				GCC_WARN_64_TO_32_BIT_CONVERSION = YES;
				GCC_WARN_ABOUT_RETURN_TYPE = YES_ERROR;
				GCC_WARN_UNDECLARED_SELECTOR = YES;
				GCC_WARN_UNINITIALIZED_AUTOS = YES_AGGRESSIVE;
				GCC_WARN_UNUSED_FUNCTION = YES;
				GCC_WARN_UNUSED_VARIABLE = YES;
				IPHONEOS_DEPLOYMENT_TARGET = 17.2;
				LOCALIZATION_PREFERS_STRING_CATALOGS = YES;
				MTL_ENABLE_DEBUG_INFO = NO;
				MTL_FAST_MATH = YES;
				SDKROOT = iphoneos;
				SWIFT_COMPILATION_MODE = wholemodule;
				VALIDATE_PRODUCT = YES;
			};
			name = Release;
		};
		2234AC6F2B8CF52D002FDCF8 /* Debug */ = {
			isa = XCBuildConfiguration;
			buildSettings = {
				ASSETCATALOG_COMPILER_APPICON_NAME = AppIcon;
				ASSETCATALOG_COMPILER_GLOBAL_ACCENT_COLOR_NAME = AccentColor;
				CODE_SIGN_STYLE = Automatic;
				CURRENT_PROJECT_VERSION = 1;
				DEVELOPMENT_ASSET_PATHS = "\"PizzaFibonacci/Preview Content\"";
				DEVELOPMENT_TEAM = 55LBKRHCKU;
				ENABLE_PREVIEWS = YES;
				GENERATE_INFOPLIST_FILE = YES;
				INFOPLIST_KEY_UIApplicationSceneManifest_Generation = YES;
				INFOPLIST_KEY_UIApplicationSupportsIndirectInputEvents = YES;
				INFOPLIST_KEY_UILaunchScreen_Generation = YES;
				INFOPLIST_KEY_UISupportedInterfaceOrientations_iPad = "UIInterfaceOrientationPortrait UIInterfaceOrientationPortraitUpsideDown UIInterfaceOrientationLandscapeLeft UIInterfaceOrientationLandscapeRight";
				INFOPLIST_KEY_UISupportedInterfaceOrientations_iPhone = "UIInterfaceOrientationPortrait UIInterfaceOrientationLandscapeLeft UIInterfaceOrientationLandscapeRight";
				LD_RUNPATH_SEARCH_PATHS = (
					"$(inherited)",
					"@executable_path/Frameworks",
				);
				MARKETING_VERSION = 1.0;
				PRODUCT_BUNDLE_IDENTIFIER = denislavd.PizzaFibonacci;
				PRODUCT_NAME = "$(TARGET_NAME)";
				SWIFT_EMIT_LOC_STRINGS = YES;
				SWIFT_VERSION = 5.0;
				TARGETED_DEVICE_FAMILY = "1,2";
			};
			name = Debug;
		};
		2234AC702B8CF52D002FDCF8 /* Release */ = {
			isa = XCBuildConfiguration;
			buildSettings = {
				ASSETCATALOG_COMPILER_APPICON_NAME = AppIcon;
				ASSETCATALOG_COMPILER_GLOBAL_ACCENT_COLOR_NAME = AccentColor;
				CODE_SIGN_STYLE = Automatic;
				CURRENT_PROJECT_VERSION = 1;
				DEVELOPMENT_ASSET_PATHS = "\"PizzaFibonacci/Preview Content\"";
				DEVELOPMENT_TEAM = 55LBKRHCKU;
				ENABLE_PREVIEWS = YES;
				GENERATE_INFOPLIST_FILE = YES;
				INFOPLIST_KEY_UIApplicationSceneManifest_Generation = YES;
				INFOPLIST_KEY_UIApplicationSupportsIndirectInputEvents = YES;
				INFOPLIST_KEY_UILaunchScreen_Generation = YES;
				INFOPLIST_KEY_UISupportedInterfaceOrientations_iPad = "UIInterfaceOrientationPortrait UIInterfaceOrientationPortraitUpsideDown UIInterfaceOrientationLandscapeLeft UIInterfaceOrientationLandscapeRight";
				INFOPLIST_KEY_UISupportedInterfaceOrientations_iPhone = "UIInterfaceOrientationPortrait UIInterfaceOrientationLandscapeLeft UIInterfaceOrientationLandscapeRight";
				LD_RUNPATH_SEARCH_PATHS = (
					"$(inherited)",
					"@executable_path/Frameworks",
				);
				MARKETING_VERSION = 1.0;
				PRODUCT_BUNDLE_IDENTIFIER = denislavd.PizzaFibonacci;
				PRODUCT_NAME = "$(TARGET_NAME)";
				SWIFT_EMIT_LOC_STRINGS = YES;
				SWIFT_VERSION = 5.0;
				TARGETED_DEVICE_FAMILY = "1,2";
			};
			name = Release;
		};
/* End XCBuildConfiguration section */

/* Begin XCConfigurationList section */
		2234AC5B2B8CF52B002FDCF8 /* Build configuration list for PBXProject "PizzaFibonacci" */ = {
			isa = XCConfigurationList;
			buildConfigurations = (
				2234AC6C2B8CF52D002FDCF8 /* Debug */,
				2234AC6D2B8CF52D002FDCF8 /* Release */,
			);
			defaultConfigurationIsVisible = 0;
			defaultConfigurationName = Release;
		};
		2234AC6E2B8CF52D002FDCF8 /* Build configuration list for PBXNativeTarget "PizzaFibonacci" */ = {
			isa = XCConfigurationList;
			buildConfigurations = (
				2234AC6F2B8CF52D002FDCF8 /* Debug */,
				2234AC702B8CF52D002FDCF8 /* Release */,
			);
			defaultConfigurationIsVisible = 0;
			defaultConfigurationName = Release;
		};
/* End XCConfigurationList section */
	};
	rootObject = 2234AC582B8CF52B002FDCF8 /* Project object */;
}
